
Microsoft Visual Studio Solution File, Format Version 12.00
# Visual Studio Version 17
VisualStudioVersion = 17.0.31912.275
MinimumVisualStudioVersion = 10.0.40219.1
Project("{FAE04EC0-301F-11D3-BF4B-00C04F79EFBC}") = "EasyMenu", "EasyMenu\EasyMenu.csproj", "{6EB53F79-A0E9-4050-A92E-0C14831BD234}"
EndProject
Project("{FAE04EC0-301F-11D3-BF4B-00C04F79EFBC}") = "EasyMenu.Example", "EasyMenu.Example\EasyMenu.Example.csproj", "{AB3DC91F-2563-4066-A1E5-34D021AFF251}"
EndProject
Global
	GlobalSection(SolutionConfigurationPlatforms) = preSolution
		Debug|Any CPU = Debug|Any CPU
		Release|Any CPU = Release|Any CPU
	EndGlobalSection
	GlobalSection(ProjectConfigurationPlatforms) = postSolution
		{6EB53F79-A0E9-4050-A92E-0C14831BD234}.Debug|Any CPU.ActiveCfg = Debug|Any CPU
		{6EB53F79-A0E9-4050-A92E-0C14831BD234}.Debug|Any CPU.Build.0 = Debug|Any CPU
		{6EB53F79-A0E9-4050-A92E-0C14831BD234}.Release|Any CPU.ActiveCfg = Release|Any CPU
		{6EB53F79-A0E9-4050-A92E-0C14831BD234}.Release|Any CPU.Build.0 = Release|Any CPU
		{AB3DC91F-2563-4066-A1E5-34D021AFF251}.Debug|Any CPU.ActiveCfg = Debug|Any CPU
		{AB3DC91F-2563-4066-A1E5-34D021AFF251}.Debug|Any CPU.Build.0 = Debug|Any CPU
		{AB3DC91F-2563-4066-A1E5-34D021AFF251}.Release|Any CPU.ActiveCfg = Release|Any CPU
		{AB3DC91F-2563-4066-A1E5-34D021AFF251}.Release|Any CPU.Build.0 = Release|Any CPU
	EndGlobalSection
	GlobalSection(SolutionProperties) = preSolution
		HideSolutionNode = FALSE
	EndGlobalSection
	GlobalSection(ExtensibilityGlobals) = postSolution
		SolutionGuid = {C0A59C62-1D76-4768-B443-DE11AD1A1CEB}
	EndGlobalSection
EndGlobal
